// !$*UTF8*$!
{
	archiveVersion = 1;
	classes = {
	};
	objectVersion = 46;
	objects = {

/* Begin PBXBuildFile section */
		CD4C3A861F0276680001C41C /* AppDelegate.swift in Sources */ = {isa = PBXBuildFile; fileRef = CD4C3A851F0276680001C41C /* AppDelegate.swift */; };
		CD4C3A881F0276680001C41C /* FirstViewController.swift in Sources */ = {isa = PBXBuildFile; fileRef = CD4C3A871F0276680001C41C /* FirstViewController.swift */; };
		CD4C3A8A1F0276680001C41C /* SecondViewController.swift in Sources */ = {isa = PBXBuildFile; fileRef = CD4C3A891F0276680001C41C /* SecondViewController.swift */; };
		CD4C3A8D1F0276680001C41C /* Main.storyboard in Resources */ = {isa = PBXBuildFile; fileRef = CD4C3A8B1F0276680001C41C /* Main.storyboard */; };
		CD4C3A8F1F0276680001C41C /* Assets.xcassets in Resources */ = {isa = PBXBuildFile; fileRef = CD4C3A8E1F0276680001C41C /* Assets.xcassets */; };
		CD4C3A921F0276680001C41C /* LaunchScreen.storyboard in Resources */ = {isa = PBXBuildFile; fileRef = CD4C3A901F0276680001C41C /* LaunchScreen.storyboard */; };
/* End PBXBuildFile section */

/* Begin PBXFileReference section */
		CD4C3A821F0276680001C41C /* BluetoothScanner.app */ = {isa = PBXFileReference; explicitFileType = wrapper.application; includeInIndex = 0; path = BluetoothScanner.app; sourceTree = BUILT_PRODUCTS_DIR; };
		CD4C3A851F0276680001C41C /* AppDelegate.swift */ = {isa = PBXFileReference; lastKnownFileType = sourcecode.swift; path = AppDelegate.swift; sourceTree = "<group>"; };
		CD4C3A871F0276680001C41C /* FirstViewController.swift */ = {isa = PBXFileReference; lastKnownFileType = sourcecode.swift; path = FirstViewController.swift; sourceTree = "<group>"; };
		CD4C3A891F0276680001C41C /* SecondViewController.swift */ = {isa = PBXFileReference; lastKnownFileType = sourcecode.swift; path = SecondViewController.swift; sourceTree = "<group>"; };
		CD4C3A8C1F0276680001C41C /* Base */ = {isa = PBXFileReference; lastKnownFileType = file.storyboard; name = Base; path = Base.lproj/Main.storyboard; sourceTree = "<group>"; };
		CD4C3A8E1F0276680001C41C /* Assets.xcassets */ = {isa = PBXFileReference; lastKnownFileType = folder.assetcatalog; path = Assets.xcassets; sourceTree = "<group>"; };
		CD4C3A911F0276680001C41C /* Base */ = {isa = PBXFileReference; lastKnownFileType = file.storyboard; name = Base; path = Base.lproj/LaunchScreen.storyboard; sourceTree = "<group>"; };
		CD4C3A931F0276680001C41C /* Info.plist */ = {isa = PBXFileReference; lastKnownFileType = text.plist.xml; path = Info.plist; sourceTree = "<group>"; };
/* End PBXFileReference section */

/* Begin PBXFrameworksBuildPhase section */
		CD4C3A7F1F0276680001C41C /* Frameworks */ = {
			isa = PBXFrameworksBuildPhase;
			buildActionMask = 2147483647;
			files = (
			);
			runOnlyForDeploymentPostprocessing = 0;
		};
/* End PBXFrameworksBuildPhase section */

/* Begin PBXGroup section */
		CD4C3A791F0276680001C41C = {
			isa = PBXGroup;
			children = (
				CD4C3A841F0276680001C41C /* BluetoothScanner */,
				CD4C3A831F0276680001C41C /* Products */,
			);
			sourceTree = "<group>";
		};
		CD4C3A831F0276680001C41C /* Products */ = {
			isa = PBXGroup;
			children = (
				CD4C3A821F0276680001C41C /* BluetoothScanner.app */,
			);
			name = Products;
			sourceTree = "<group>";
		};
		CD4C3A841F0276680001C41C /* BluetoothScanner */ = {
			isa = PBXGroup;
			children = (
				CD4C3A851F0276680001C41C /* AppDelegate.swift */,
				CD4C3A871F0276680001C41C /* FirstViewController.swift */,
				CD4C3A891F0276680001C41C /* SecondViewController.swift */,
				CD4C3A8B1F0276680001C41C /* Main.storyboard */,
				CD4C3A8E1F0276680001C41C /* Assets.xcassets */,
				CD4C3A901F0276680001C41C /* LaunchScreen.storyboard */,
				CD4C3A931F0276680001C41C /* Info.plist */,
			);
			path = BluetoothScanner;
			sourceTree = "<group>";
		};
/* End PBXGroup section */

/* Begin PBXNativeTarget section */
		CD4C3A811F0276680001C41C /* BluetoothScanner */ = {
			isa = PBXNativeTarget;
			buildConfigurationList = CD4C3A961F0276680001C41C /* Build configuration list for PBXNativeTarget "BluetoothScanner" */;
			buildPhases = (
				CD4C3A7E1F0276680001C41C /* Sources */,
				CD4C3A7F1F0276680001C41C /* Frameworks */,
				CD4C3A801F0276680001C41C /* Resources */,
			);
			buildRules = (
			);
			dependencies = (
			);
			name = BluetoothScanner;
			productName = BluetoothScanner;
			productReference = CD4C3A821F0276680001C41C /* BluetoothScanner.app */;
			productType = "com.apple.product-type.application";
		};
/* End PBXNativeTarget section */

/* Begin PBXProject section */
		CD4C3A7A1F0276680001C41C /* Project object */ = {
			isa = PBXProject;
			attributes = {
				LastSwiftUpdateCheck = 0830;
				LastUpgradeCheck = 0830;
				ORGANIZATIONNAME = "Besmer Labs";
				TargetAttributes = {
					CD4C3A811F0276680001C41C = {
						CreatedOnToolsVersion = 8.3.3;
						ProvisioningStyle = Automatic;
					};
				};
			};
			buildConfigurationList = CD4C3A7D1F0276680001C41C /* Build configuration list for PBXProject "BluetoothScanner" */;
			compatibilityVersion = "Xcode 3.2";
			developmentRegion = English;
			hasScannedForEncodings = 0;
			knownRegions = (
				en,
				Base,
			);
			mainGroup = CD4C3A791F0276680001C41C;
			productRefGroup = CD4C3A831F0276680001C41C /* Products */;
			projectDirPath = "";
			projectRoot = "";
			targets = (
				CD4C3A811F0276680001C41C /* BluetoothScanner */,
			);
		};
/* End PBXProject section */

/* Begin PBXResourcesBuildPhase section */
		CD4C3A801F0276680001C41C /* Resources */ = {
			isa = PBXResourcesBuildPhase;
			buildActionMask = 2147483647;
			files = (
				CD4C3A921F0276680001C41C /* LaunchScreen.storyboard in Resources */,
				CD4C3A8F1F0276680001C41C /* Assets.xcassets in Resources */,
				CD4C3A8D1F0276680001C41C /* Main.storyboard in Resources */,
			);
			runOnlyForDeploymentPostprocessing = 0;
		};
/* End PBXResourcesBuildPhase section */

/* Begin PBXSourcesBuildPhase section */
		CD4C3A7E1F0276680001C41C /* Sources */ = {
			isa = PBXSourcesBuildPhase;
			buildActionMask = 2147483647;
			files = (
				CD4C3A8A1F0276680001C41C /* SecondViewController.swift in Sources */,
				CD4C3A861F0276680001C41C /* AppDelegate.swift in Sources */,
				CD4C3A881F0276680001C41C /* FirstViewController.swift in Sources */,
			);
			runOnlyForDeploymentPostprocessing = 0;
		};
/* End PBXSourcesBuildPhase section */

/* Begin PBXVariantGroup section */
		CD4C3A8B1F0276680001C41C /* Main.storyboard */ = {
			isa = PBXVariantGroup;
			children = (
				CD4C3A8C1F0276680001C41C /* Base */,
			);
			name = Main.storyboard;
			sourceTree = "<group>";
		};
		CD4C3A901F0276680001C41C /* LaunchScreen.storyboard */ = {
			isa = PBXVariantGroup;
			children = (
				CD4C3A911F0276680001C41C /* Base */,
			);
			name = LaunchScreen.storyboard;
			sourceTree = "<group>";
		};
/* End PBXVariantGroup section */

/* Begin XCBuildConfiguration section */
		CD4C3A941F0276680001C41C /* Debug */ = {
			isa = XCBuildConfiguration;
			buildSettings = {
				ALWAYS_SEARCH_USER_PATHS = NO;
				CLANG_ANALYZER_NONNULL = YES;
				CLANG_ANALYZER_NUMBER_OBJECT_CONVERSION = YES_AGGRESSIVE;
				CLANG_CXX_LANGUAGE_STANDARD = "gnu++0x";
				CLANG_CXX_LIBRARY = "libc++";
				CLANG_ENABLE_MODULES = YES;
				CLANG_ENABLE_OBJC_ARC = YES;
				CLANG_WARN_BOOL_CONVERSION = YES;
				CLANG_WARN_CONSTANT_CONVERSION = YES;
				CLANG_WARN_DIRECT_OBJC_ISA_USAGE = YES_ERROR;
				CLANG_WARN_DOCUMENTATION_COMMENTS = YES;
				CLANG_WARN_EMPTY_BODY = YES;
				CLANG_WARN_ENUM_CONVERSION = YES;
				CLANG_WARN_INFINITE_RECURSION = YES;
				CLANG_WARN_INT_CONVERSION = YES;
				CLANG_WARN_OBJC_ROOT_CLASS = YES_ERROR;
				CLANG_WARN_SUSPICIOUS_MOVE = YES;
				CLANG_WARN_UNREACHABLE_CODE = YES;
				CLANG_WARN__DUPLICATE_METHOD_MATCH = YES;
				"CODE_SIGN_IDENTITY[sdk=iphoneos*]" = "iPhone Developer";
				COPY_PHASE_STRIP = NO;
				DEBUG_INFORMATION_FORMAT = dwarf;
				ENABLE_STRICT_OBJC_MSGSEND = YES;
				ENABLE_TESTABILITY = YES;
				GCC_C_LANGUAGE_STANDARD = gnu99;
				GCC_DYNAMIC_NO_PIC = NO;
				GCC_NO_COMMON_BLOCKS = YES;
				GCC_OPTIMIZATION_LEVEL = 0;
				GCC_PREPROCESSOR_DEFINITIONS = (
					"DEBUG=1",
					"$(inherited)",
				);
				GCC_WARN_64_TO_32_BIT_CONVERSION = YES;
				GCC_WARN_ABOUT_RETURN_TYPE = YES_ERROR;
				GCC_WARN_UNDECLARED_SELECTOR = YES;
				GCC_WARN_UNINITIALIZED_AUTOS = YES_AGGRESSIVE;
				GCC_WARN_UNUSED_FUNCTION = YES;
				GCC_WARN_UNUSED_VARIABLE = YES;
				IPHONEOS_DEPLOYMENT_TARGET = 10.3;
				MTL_ENABLE_DEBUG_INFO = YES;
				ONLY_ACTIVE_ARCH = YES;
				SDKROOT = iphoneos;
				SWIFT_ACTIVE_COMPILATION_CONDITIONS = DEBUG;
				SWIFT_OPTIMIZATION_LEVEL = "-Onone";
				TARGETED_DEVICE_FAMILY = "1,2";
			};
			name = Debug;
		};
		CD4C3A951F0276680001C41C /* Release */ = {
			isa = XCBuildConfiguration;
			buildSettings = {
				ALWAYS_SEARCH_USER_PATHS = NO;
				CLANG_ANALYZER_NONNULL = YES;
				CLANG_ANALYZER_NUMBER_OBJECT_CONVERSION = YES_AGGRESSIVE;
				CLANG_CXX_LANGUAGE_STANDARD = "gnu++0x";
				CLANG_CXX_LIBRARY = "libc++";
				CLANG_ENABLE_MODULES = YES;
				CLANG_ENABLE_OBJC_ARC = YES;
				CLANG_WARN_BOOL_CONVERSION = YES;
				CLANG_WARN_CONSTANT_CONVERSION = YES;
				CLANG_WARN_DIRECT_OBJC_ISA_USAGE = YES_ERROR;
				CLANG_WARN_DOCUMENTATION_COMMENTS = YES;
				CLANG_WARN_EMPTY_BODY = YES;
				CLANG_WARN_ENUM_CONVERSION = YES;
				CLANG_WARN_INFINITE_RECURSION = YES;
				CLANG_WARN_INT_CONVERSION = YES;
				CLANG_WARN_OBJC_ROOT_CLASS = YES_ERROR;
				CLANG_WARN_SUSPICIOUS_MOVE = YES;
				CLANG_WARN_UNREACHABLE_CODE = YES;
				CLANG_WARN__DUPLICATE_METHOD_MATCH = YES;
				"CODE_SIGN_IDENTITY[sdk=iphoneos*]" = "iPhone Developer";
				COPY_PHASE_STRIP = NO;
				DEBUG_INFORMATION_FORMAT = "dwarf-with-dsym";
				ENABLE_NS_ASSERTIONS = NO;
				ENABLE_STRICT_OBJC_MSGSEND = YES;
				GCC_C_LANGUAGE_STANDARD = gnu99;
				GCC_NO_COMMON_BLOCKS = YES;
				GCC_WARN_64_TO_32_BIT_CONVERSION = YES;
				GCC_WARN_ABOUT_RETURN_TYPE = YES_ERROR;
				GCC_WARN_UNDECLARED_SELECTOR = YES;
				GCC_WARN_UNINITIALIZED_AUTOS = YES_AGGRESSIVE;
				GCC_WARN_UNUSED_FUNCTION = YES;
				GCC_WARN_UNUSED_VARIABLE = YES;
				IPHONEOS_DEPLOYMENT_TARGET = 10.3;
				MTL_ENABLE_DEBUG_INFO = NO;
				SDKROOT = iphoneos;
				SWIFT_OPTIMIZATION_LEVEL = "-Owholemodule";
				TARGETED_DEVICE_FAMILY = "1,2";
				VALIDATE_PRODUCT = YES;
			};
			name = Release;
		};
		CD4C3A971F0276680001C41C /* Debug */ = {
			isa = XCBuildConfiguration;
			buildSettings = {
				ASSETCATALOG_COMPILER_APPICON_NAME = AppIcon;
				INFOPLIST_FILE = BluetoothScanner/Info.plist;
				LD_RUNPATH_SEARCH_PATHS = "$(inherited) @executable_path/Frameworks";
				PRODUCT_BUNDLE_IDENTIFIER = "ch.b-labs.BluetoothScanner";
				PRODUCT_NAME = "$(TARGET_NAME)";
				SWIFT_VERSION = 3.0;
			};
			name = Debug;
		};
		CD4C3A981F0276680001C41C /* Release */ = {
			isa = XCBuildConfiguration;
			buildSettings = {
				ASSETCATALOG_COMPILER_APPICON_NAME = AppIcon;
				INFOPLIST_FILE = BluetoothScanner/Info.plist;
				LD_RUNPATH_SEARCH_PATHS = "$(inherited) @executable_path/Frameworks";
				PRODUCT_BUNDLE_IDENTIFIER = "ch.b-labs.BluetoothScanner";
				PRODUCT_NAME = "$(TARGET_NAME)";
				SWIFT_VERSION = 3.0;
			};
			name = Release;
		};
/* End XCBuildConfiguration section */

/* Begin XCConfigurationList section */
		CD4C3A7D1F0276680001C41C /* Build configuration list for PBXProject "BluetoothScanner" */ = {
			isa = XCConfigurationList;
			buildConfigurations = (
				CD4C3A941F0276680001C41C /* Debug */,
				CD4C3A951F0276680001C41C /* Release */,
			);
			defaultConfigurationIsVisible = 0;
			defaultConfigurationName = Release;
		};
		CD4C3A961F0276680001C41C /* Build configuration list for PBXNativeTarget "BluetoothScanner" */ = {
			isa = XCConfigurationList;
			buildConfigurations = (
				CD4C3A971F0276680001C41C /* Debug */,
				CD4C3A981F0276680001C41C /* Release */,
			);
			defaultConfigurationIsVisible = 0;
		};
/* End XCConfigurationList section */
	};
	rootObject = CD4C3A7A1F0276680001C41C /* Project object */;
}
